
Microsoft Visual Studio Solution File, Format Version 12.00
# Visual Studio Version 16
VisualStudioVersion = 16.0.30104.148
MinimumVisualStudioVersion = 10.0.40219.1
Project("{FAE04EC0-301F-11D3-BF4B-00C04F79EFBC}") = "Referencias", "Referencias\Referencias.csproj", "{65D7F7E4-E270-45DE-952D-5CCCA8858796}"
EndProject
Global
	GlobalSection(SolutionConfigurationPlatforms) = preSolution
		Debug|Any CPU = Debug|Any CPU
		Release|Any CPU = Release|Any CPU
	EndGlobalSection
	GlobalSection(ProjectConfigurationPlatforms) = postSolution
		{65D7F7E4-E270-45DE-952D-5CCCA8858796}.Debug|Any CPU.ActiveCfg = Debug|Any CPU
		{65D7F7E4-E270-45DE-952D-5CCCA8858796}.Debug|Any CPU.Build.0 = Debug|Any CPU
		{65D7F7E4-E270-45DE-952D-5CCCA8858796}.Release|Any CPU.ActiveCfg = Release|Any CPU
		{65D7F7E4-E270-45DE-952D-5CCCA8858796}.Release|Any CPU.Build.0 = Release|Any CPU
	EndGlobalSection
	GlobalSection(SolutionProperties) = preSolution
		HideSolutionNode = FALSE
	EndGlobalSection
	GlobalSection(ExtensibilityGlobals) = postSolution
		SolutionGuid = {14170B4A-C493-4F57-B3F5-057326DDE5E4}
	EndGlobalSection
EndGlobal
